// !$*UTF8*$!
{
	archiveVersion = 1;
	classes = {
	};
	objectVersion = 50;
	objects = {

/* Begin PBXBuildFile section */
		5DD272AAA5F4DFAC1968EE57 /* Pods_Xcode___HaloAPIUITests.framework in Frameworks */ = {isa = PBXBuildFile; fileRef = 167EE90C47F0DA66D67AEDBD /* Pods_Xcode___HaloAPIUITests.framework */; };
		87F8461453C30F6C9C3C08CA /* Pods_Xcode___HaloAPITests.framework in Frameworks */ = {isa = PBXBuildFile; fileRef = 4E919633F9A6C1A2C23EBB6A /* Pods_Xcode___HaloAPITests.framework */; };
		A961199E9BFF992DEA95476D /* Pods_Xcode___HaloAPI.framework in Frameworks */ = {isa = PBXBuildFile; fileRef = 90E4C90D20322E17A71BA1B5 /* Pods_Xcode___HaloAPI.framework */; };
		F7072A6D235622DA0074F827 /* AppDelegate.swift in Sources */ = {isa = PBXBuildFile; fileRef = F7072A6C235622DA0074F827 /* AppDelegate.swift */; };
		F7072A6F235622DA0074F827 /* HomeViewController.swift in Sources */ = {isa = PBXBuildFile; fileRef = F7072A6E235622DA0074F827 /* HomeViewController.swift */; };
		F7072A72235622DA0074F827 /* Main.storyboard in Resources */ = {isa = PBXBuildFile; fileRef = F7072A70235622DA0074F827 /* Main.storyboard */; };
		F7072A74235622DB0074F827 /* Assets.xcassets in Resources */ = {isa = PBXBuildFile; fileRef = F7072A73235622DB0074F827 /* Assets.xcassets */; };
		F7072A77235622DB0074F827 /* LaunchScreen.storyboard in Resources */ = {isa = PBXBuildFile; fileRef = F7072A75235622DB0074F827 /* LaunchScreen.storyboard */; };
		F7072A82235622DB0074F827 /* Xcode___HaloAPITests.swift in Sources */ = {isa = PBXBuildFile; fileRef = F7072A81235622DB0074F827 /* Xcode___HaloAPITests.swift */; };
		F7072A8D235622DB0074F827 /* Xcode___HaloAPIUITests.swift in Sources */ = {isa = PBXBuildFile; fileRef = F7072A8C235622DB0074F827 /* Xcode___HaloAPIUITests.swift */; };
		F73EAFC1237B5521007238F2 /* NetworkLayer.swift in Sources */ = {isa = PBXBuildFile; fileRef = F73EAFC0237B5521007238F2 /* NetworkLayer.swift */; };
		F766050323840BBD0074B83B /* Stats.storyboard in Resources */ = {isa = PBXBuildFile; fileRef = F766050223840BBD0074B83B /* Stats.storyboard */; };
/* End PBXBuildFile section */

/* Begin PBXContainerItemProxy section */
		F7072A7E235622DB0074F827 /* PBXContainerItemProxy */ = {
			isa = PBXContainerItemProxy;
			containerPortal = F7072A61235622DA0074F827 /* Project object */;
			proxyType = 1;
			remoteGlobalIDString = F7072A68235622DA0074F827;
			remoteInfo = "Xcode - HaloAPI";
		};
		F7072A89235622DB0074F827 /* PBXContainerItemProxy */ = {
			isa = PBXContainerItemProxy;
			containerPortal = F7072A61235622DA0074F827 /* Project object */;
			proxyType = 1;
			remoteGlobalIDString = F7072A68235622DA0074F827;
			remoteInfo = "Xcode - HaloAPI";
		};
/* End PBXContainerItemProxy section */

/* Begin PBXFileReference section */
		167EE90C47F0DA66D67AEDBD /* Pods_Xcode___HaloAPIUITests.framework */ = {isa = PBXFileReference; explicitFileType = wrapper.framework; includeInIndex = 0; path = "Pods_Xcode___HaloAPIUITests.framework"; sourceTree = BUILT_PRODUCTS_DIR; };
		4886261A20DA07C8F161642A /* Pods-Xcode - HaloAPIUITests.release.xcconfig */ = {isa = PBXFileReference; includeInIndex = 1; lastKnownFileType = text.xcconfig; name = "Pods-Xcode - HaloAPIUITests.release.xcconfig"; path = "Pods/Target Support Files/Pods-Xcode - HaloAPIUITests/Pods-Xcode - HaloAPIUITests.release.xcconfig"; sourceTree = "<group>"; };
		4E919633F9A6C1A2C23EBB6A /* Pods_Xcode___HaloAPITests.framework */ = {isa = PBXFileReference; explicitFileType = wrapper.framework; includeInIndex = 0; path = "Pods_Xcode___HaloAPITests.framework"; sourceTree = BUILT_PRODUCTS_DIR; };
		63EB685E87E28229C19831B6 /* Pods-Xcode - HaloAPIUITests.debug.xcconfig */ = {isa = PBXFileReference; includeInIndex = 1; lastKnownFileType = text.xcconfig; name = "Pods-Xcode - HaloAPIUITests.debug.xcconfig"; path = "Pods/Target Support Files/Pods-Xcode - HaloAPIUITests/Pods-Xcode - HaloAPIUITests.debug.xcconfig"; sourceTree = "<group>"; };
		6E14FDE97045D3B98337293B /* Pods-Xcode - HaloAPITests.debug.xcconfig */ = {isa = PBXFileReference; includeInIndex = 1; lastKnownFileType = text.xcconfig; name = "Pods-Xcode - HaloAPITests.debug.xcconfig"; path = "Pods/Target Support Files/Pods-Xcode - HaloAPITests/Pods-Xcode - HaloAPITests.debug.xcconfig"; sourceTree = "<group>"; };
		90E4C90D20322E17A71BA1B5 /* Pods_Xcode___HaloAPI.framework */ = {isa = PBXFileReference; explicitFileType = wrapper.framework; includeInIndex = 0; path = "Pods_Xcode___HaloAPI.framework"; sourceTree = BUILT_PRODUCTS_DIR; };
		B6757C74B494465219BD5BCB /* Pods-Xcode - HaloAPI.release.xcconfig */ = {isa = PBXFileReference; includeInIndex = 1; lastKnownFileType = text.xcconfig; name = "Pods-Xcode - HaloAPI.release.xcconfig"; path = "Pods/Target Support Files/Pods-Xcode - HaloAPI/Pods-Xcode - HaloAPI.release.xcconfig"; sourceTree = "<group>"; };
		BA5C8522D3DA3B975B413754 /* Pods-Xcode - HaloAPITests.release.xcconfig */ = {isa = PBXFileReference; includeInIndex = 1; lastKnownFileType = text.xcconfig; name = "Pods-Xcode - HaloAPITests.release.xcconfig"; path = "Pods/Target Support Files/Pods-Xcode - HaloAPITests/Pods-Xcode - HaloAPITests.release.xcconfig"; sourceTree = "<group>"; };
		C88A951B4FAFB4501832FCEF /* Pods-Xcode - HaloAPI.debug.xcconfig */ = {isa = PBXFileReference; includeInIndex = 1; lastKnownFileType = text.xcconfig; name = "Pods-Xcode - HaloAPI.debug.xcconfig"; path = "Pods/Target Support Files/Pods-Xcode - HaloAPI/Pods-Xcode - HaloAPI.debug.xcconfig"; sourceTree = "<group>"; };
		F7072A69235622DA0074F827 /* Xcode - HaloAPI.app */ = {isa = PBXFileReference; explicitFileType = wrapper.application; includeInIndex = 0; path = "Xcode - HaloAPI.app"; sourceTree = BUILT_PRODUCTS_DIR; };
		F7072A6C235622DA0074F827 /* AppDelegate.swift */ = {isa = PBXFileReference; lastKnownFileType = sourcecode.swift; path = AppDelegate.swift; sourceTree = "<group>"; };
		F7072A6E235622DA0074F827 /* HomeViewController.swift */ = {isa = PBXFileReference; lastKnownFileType = sourcecode.swift; path = HomeViewController.swift; sourceTree = "<group>"; };
		F7072A71235622DA0074F827 /* Base */ = {isa = PBXFileReference; lastKnownFileType = file.storyboard; name = Base; path = Base.lproj/Main.storyboard; sourceTree = "<group>"; };
		F7072A73235622DB0074F827 /* Assets.xcassets */ = {isa = PBXFileReference; lastKnownFileType = folder.assetcatalog; path = Assets.xcassets; sourceTree = "<group>"; };
		F7072A76235622DB0074F827 /* Base */ = {isa = PBXFileReference; lastKnownFileType = file.storyboard; name = Base; path = Base.lproj/LaunchScreen.storyboard; sourceTree = "<group>"; };
		F7072A78235622DB0074F827 /* Info.plist */ = {isa = PBXFileReference; lastKnownFileType = text.plist.xml; path = Info.plist; sourceTree = "<group>"; };
		F7072A7D235622DB0074F827 /* Xcode - HaloAPITests.xctest */ = {isa = PBXFileReference; explicitFileType = wrapper.cfbundle; includeInIndex = 0; path = "Xcode - HaloAPITests.xctest"; sourceTree = BUILT_PRODUCTS_DIR; };
		F7072A81235622DB0074F827 /* Xcode___HaloAPITests.swift */ = {isa = PBXFileReference; lastKnownFileType = sourcecode.swift; path = "Xcode___HaloAPITests.swift"; sourceTree = "<group>"; };
		F7072A83235622DB0074F827 /* Info.plist */ = {isa = PBXFileReference; lastKnownFileType = text.plist.xml; path = Info.plist; sourceTree = "<group>"; };
		F7072A88235622DB0074F827 /* Xcode - HaloAPIUITests.xctest */ = {isa = PBXFileReference; explicitFileType = wrapper.cfbundle; includeInIndex = 0; path = "Xcode - HaloAPIUITests.xctest"; sourceTree = BUILT_PRODUCTS_DIR; };
		F7072A8C235622DB0074F827 /* Xcode___HaloAPIUITests.swift */ = {isa = PBXFileReference; lastKnownFileType = sourcecode.swift; path = "Xcode___HaloAPIUITests.swift"; sourceTree = "<group>"; };
		F7072A8E235622DB0074F827 /* Info.plist */ = {isa = PBXFileReference; lastKnownFileType = text.plist.xml; path = Info.plist; sourceTree = "<group>"; };
		F73EAFC0237B5521007238F2 /* NetworkLayer.swift */ = {isa = PBXFileReference; lastKnownFileType = sourcecode.swift; path = NetworkLayer.swift; sourceTree = "<group>"; };
		F766050223840BBD0074B83B /* Stats.storyboard */ = {isa = PBXFileReference; lastKnownFileType = file.storyboard; path = Stats.storyboard; sourceTree = "<group>"; };
/* End PBXFileReference section */

/* Begin PBXFrameworksBuildPhase section */
		F7072A66235622DA0074F827 /* Frameworks */ = {
			isa = PBXFrameworksBuildPhase;
			buildActionMask = 2147483647;
			files = (
				A961199E9BFF992DEA95476D /* Pods_Xcode___HaloAPI.framework in Frameworks */,
			);
			runOnlyForDeploymentPostprocessing = 0;
		};
		F7072A7A235622DB0074F827 /* Frameworks */ = {
			isa = PBXFrameworksBuildPhase;
			buildActionMask = 2147483647;
			files = (
				87F8461453C30F6C9C3C08CA /* Pods_Xcode___HaloAPITests.framework in Frameworks */,
			);
			runOnlyForDeploymentPostprocessing = 0;
		};
		F7072A85235622DB0074F827 /* Frameworks */ = {
			isa = PBXFrameworksBuildPhase;
			buildActionMask = 2147483647;
			files = (
				5DD272AAA5F4DFAC1968EE57 /* Pods_Xcode___HaloAPIUITests.framework in Frameworks */,
			);
			runOnlyForDeploymentPostprocessing = 0;
		};
/* End PBXFrameworksBuildPhase section */

/* Begin PBXGroup section */
		539C0E643D8E1BCA5F12E15C /* Frameworks */ = {
			isa = PBXGroup;
			children = (
				90E4C90D20322E17A71BA1B5 /* Pods_Xcode___HaloAPI.framework */,
				4E919633F9A6C1A2C23EBB6A /* Pods_Xcode___HaloAPITests.framework */,
				167EE90C47F0DA66D67AEDBD /* Pods_Xcode___HaloAPIUITests.framework */,
			);
			name = Frameworks;
			sourceTree = "<group>";
		};
		912501037B17F44D6A3A6272 /* Pods */ = {
			isa = PBXGroup;
			children = (
				C88A951B4FAFB4501832FCEF /* Pods-Xcode - HaloAPI.debug.xcconfig */,
				B6757C74B494465219BD5BCB /* Pods-Xcode - HaloAPI.release.xcconfig */,
				6E14FDE97045D3B98337293B /* Pods-Xcode - HaloAPITests.debug.xcconfig */,
				BA5C8522D3DA3B975B413754 /* Pods-Xcode - HaloAPITests.release.xcconfig */,
				63EB685E87E28229C19831B6 /* Pods-Xcode - HaloAPIUITests.debug.xcconfig */,
				4886261A20DA07C8F161642A /* Pods-Xcode - HaloAPIUITests.release.xcconfig */,
			);
			name = Pods;
			sourceTree = "<group>";
		};
		F7072A60235622DA0074F827 = {
			isa = PBXGroup;
			children = (
				F7072A6B235622DA0074F827 /* Xcode - HaloAPI */,
				F7072A80235622DB0074F827 /* Xcode - HaloAPITests */,
				F7072A8B235622DB0074F827 /* Xcode - HaloAPIUITests */,
				F7072A6A235622DA0074F827 /* Products */,
				912501037B17F44D6A3A6272 /* Pods */,
				539C0E643D8E1BCA5F12E15C /* Frameworks */,
			);
			sourceTree = "<group>";
		};
		F7072A6A235622DA0074F827 /* Products */ = {
			isa = PBXGroup;
			children = (
				F7072A69235622DA0074F827 /* Xcode - HaloAPI.app */,
				F7072A7D235622DB0074F827 /* Xcode - HaloAPITests.xctest */,
				F7072A88235622DB0074F827 /* Xcode - HaloAPIUITests.xctest */,
			);
			name = Products;
			sourceTree = "<group>";
		};
		F7072A6B235622DA0074F827 /* Xcode - HaloAPI */ = {
			isa = PBXGroup;
			children = (
				F7E776B5237AEFC300D650DE /* Model */,
				F7E776B6237AEFDF00D650DE /* View */,
				F7E776B7237AEFF900D650DE /* Controller */,
				F7072A73235622DB0074F827 /* Assets.xcassets */,
				F7072A78235622DB0074F827 /* Info.plist */,
			);
			path = "Xcode - HaloAPI";
			sourceTree = "<group>";
		};
		F7072A80235622DB0074F827 /* Xcode - HaloAPITests */ = {
			isa = PBXGroup;
			children = (
				F7072A81235622DB0074F827 /* Xcode___HaloAPITests.swift */,
				F7072A83235622DB0074F827 /* Info.plist */,
			);
			path = "Xcode - HaloAPITests";
			sourceTree = "<group>";
		};
		F7072A8B235622DB0074F827 /* Xcode - HaloAPIUITests */ = {
			isa = PBXGroup;
			children = (
				F7072A8C235622DB0074F827 /* Xcode___HaloAPIUITests.swift */,
				F7072A8E235622DB0074F827 /* Info.plist */,
			);
			path = "Xcode - HaloAPIUITests";
			sourceTree = "<group>";
		};
		F7E776B5237AEFC300D650DE /* Model */ = {
			isa = PBXGroup;
			children = (
				F73EAFC0237B5521007238F2 /* NetworkLayer.swift */,
			);
			path = Model;
			sourceTree = "<group>";
		};
		F7E776B6237AEFDF00D650DE /* View */ = {
			isa = PBXGroup;
			children = (
				F7072A75235622DB0074F827 /* LaunchScreen.storyboard */,
				F7072A70235622DA0074F827 /* Main.storyboard */,
				F766050223840BBD0074B83B /* Stats.storyboard */,
			);
			path = View;
			sourceTree = "<group>";
		};
		F7E776B7237AEFF900D650DE /* Controller */ = {
			isa = PBXGroup;
			children = (
				F7072A6C235622DA0074F827 /* AppDelegate.swift */,
				F7072A6E235622DA0074F827 /* HomeViewController.swift */,
			);
			path = Controller;
			sourceTree = "<group>";
		};
/* End PBXGroup section */

/* Begin PBXNativeTarget section */
		F7072A68235622DA0074F827 /* Xcode - HaloAPI */ = {
			isa = PBXNativeTarget;
			buildConfigurationList = F7072A91235622DB0074F827 /* Build configuration list for PBXNativeTarget "Xcode - HaloAPI" */;
			buildPhases = (
				03E702DF2035CA79D73EAABD /* [CP] Check Pods Manifest.lock */,
				F7072A65235622DA0074F827 /* Sources */,
				F7072A66235622DA0074F827 /* Frameworks */,
				F7072A67235622DA0074F827 /* Resources */,
				8D39E51D1928252646AF5F41 /* [CP] Embed Pods Frameworks */,
			);
			buildRules = (
			);
			dependencies = (
			);
			name = "Xcode - HaloAPI";
			productName = "Xcode - HaloAPI";
			productReference = F7072A69235622DA0074F827 /* Xcode - HaloAPI.app */;
			productType = "com.apple.product-type.application";
		};
		F7072A7C235622DB0074F827 /* Xcode - HaloAPITests */ = {
			isa = PBXNativeTarget;
			buildConfigurationList = F7072A94235622DB0074F827 /* Build configuration list for PBXNativeTarget "Xcode - HaloAPITests" */;
			buildPhases = (
				673517607470ED35699DE9D1 /* [CP] Check Pods Manifest.lock */,
				F7072A79235622DB0074F827 /* Sources */,
				F7072A7A235622DB0074F827 /* Frameworks */,
				F7072A7B235622DB0074F827 /* Resources */,
			);
			buildRules = (
			);
			dependencies = (
				F7072A7F235622DB0074F827 /* PBXTargetDependency */,
			);
			name = "Xcode - HaloAPITests";
			productName = "Xcode - HaloAPITests";
			productReference = F7072A7D235622DB0074F827 /* Xcode - HaloAPITests.xctest */;
			productType = "com.apple.product-type.bundle.unit-test";
		};
		F7072A87235622DB0074F827 /* Xcode - HaloAPIUITests */ = {
			isa = PBXNativeTarget;
			buildConfigurationList = F7072A97235622DB0074F827 /* Build configuration list for PBXNativeTarget "Xcode - HaloAPIUITests" */;
			buildPhases = (
				94E8EDC46866A5DED571EB1B /* [CP] Check Pods Manifest.lock */,
				F7072A84235622DB0074F827 /* Sources */,
				F7072A85235622DB0074F827 /* Frameworks */,
				F7072A86235622DB0074F827 /* Resources */,
			);
			buildRules = (
			);
			dependencies = (
				F7072A8A235622DB0074F827 /* PBXTargetDependency */,
			);
			name = "Xcode - HaloAPIUITests";
			productName = "Xcode - HaloAPIUITests";
			productReference = F7072A88235622DB0074F827 /* Xcode - HaloAPIUITests.xctest */;
			productType = "com.apple.product-type.bundle.ui-testing";
		};
/* End PBXNativeTarget section */

/* Begin PBXProject section */
		F7072A61235622DA0074F827 /* Project object */ = {
			isa = PBXProject;
			attributes = {
				LastSwiftUpdateCheck = 1020;
				LastUpgradeCheck = 1020;
				ORGANIZATIONNAME = "Daniel Quarrell";
				TargetAttributes = {
					F7072A68235622DA0074F827 = {
						CreatedOnToolsVersion = 10.2.1;
					};
					F7072A7C235622DB0074F827 = {
						CreatedOnToolsVersion = 10.2.1;
						TestTargetID = F7072A68235622DA0074F827;
					};
					F7072A87235622DB0074F827 = {
						CreatedOnToolsVersion = 10.2.1;
						TestTargetID = F7072A68235622DA0074F827;
					};
				};
			};
			buildConfigurationList = F7072A64235622DA0074F827 /* Build configuration list for PBXProject "Xcode - HaloAPI" */;
			compatibilityVersion = "Xcode 9.3";
			developmentRegion = en;
			hasScannedForEncodings = 0;
			knownRegions = (
				en,
				Base,
			);
			mainGroup = F7072A60235622DA0074F827;
			productRefGroup = F7072A6A235622DA0074F827 /* Products */;
			projectDirPath = "";
			projectRoot = "";
			targets = (
				F7072A68235622DA0074F827 /* Xcode - HaloAPI */,
				F7072A7C235622DB0074F827 /* Xcode - HaloAPITests */,
				F7072A87235622DB0074F827 /* Xcode - HaloAPIUITests */,
			);
		};
/* End PBXProject section */

/* Begin PBXResourcesBuildPhase section */
		F7072A67235622DA0074F827 /* Resources */ = {
			isa = PBXResourcesBuildPhase;
			buildActionMask = 2147483647;
			files = (
				F7072A77235622DB0074F827 /* LaunchScreen.storyboard in Resources */,
				F7072A74235622DB0074F827 /* Assets.xcassets in Resources */,
				F766050323840BBD0074B83B /* Stats.storyboard in Resources */,
				F7072A72235622DA0074F827 /* Main.storyboard in Resources */,
			);
			runOnlyForDeploymentPostprocessing = 0;
		};
		F7072A7B235622DB0074F827 /* Resources */ = {
			isa = PBXResourcesBuildPhase;
			buildActionMask = 2147483647;
			files = (
			);
			runOnlyForDeploymentPostprocessing = 0;
		};
		F7072A86235622DB0074F827 /* Resources */ = {
			isa = PBXResourcesBuildPhase;
			buildActionMask = 2147483647;
			files = (
			);
			runOnlyForDeploymentPostprocessing = 0;
		};
/* End PBXResourcesBuildPhase section */

/* Begin PBXShellScriptBuildPhase section */
		03E702DF2035CA79D73EAABD /* [CP] Check Pods Manifest.lock */ = {
			isa = PBXShellScriptBuildPhase;
			buildActionMask = 2147483647;
			files = (
			);
			inputPaths = (
				"${PODS_PODFILE_DIR_PATH}/Podfile.lock",
				"${PODS_ROOT}/Manifest.lock",
			);
			name = "[CP] Check Pods Manifest.lock";
			outputPaths = (
				"$(DERIVED_FILE_DIR)/Pods-Xcode - HaloAPI-checkManifestLockResult.txt",
			);
			runOnlyForDeploymentPostprocessing = 0;
			shellPath = /bin/sh;
			shellScript = "diff \"${PODS_PODFILE_DIR_PATH}/Podfile.lock\" \"${PODS_ROOT}/Manifest.lock\" > /dev/null\nif [ $? != 0 ] ; then\n    # print error to STDERR\n    echo \"error: The sandbox is not in sync with the Podfile.lock. Run 'pod install' or update your CocoaPods installation.\" >&2\n    exit 1\nfi\n# This output is used by Xcode 'outputs' to avoid re-running this script phase.\necho \"SUCCESS\" > \"${SCRIPT_OUTPUT_FILE_0}\"\n";
			showEnvVarsInLog = 0;
		};
		673517607470ED35699DE9D1 /* [CP] Check Pods Manifest.lock */ = {
			isa = PBXShellScriptBuildPhase;
			buildActionMask = 2147483647;
			files = (
			);
			inputPaths = (
				"${PODS_PODFILE_DIR_PATH}/Podfile.lock",
				"${PODS_ROOT}/Manifest.lock",
			);
			name = "[CP] Check Pods Manifest.lock";
			outputPaths = (
				"$(DERIVED_FILE_DIR)/Pods-Xcode - HaloAPITests-checkManifestLockResult.txt",
			);
			runOnlyForDeploymentPostprocessing = 0;
			shellPath = /bin/sh;
			shellScript = "diff \"${PODS_PODFILE_DIR_PATH}/Podfile.lock\" \"${PODS_ROOT}/Manifest.lock\" > /dev/null\nif [ $? != 0 ] ; then\n    # print error to STDERR\n    echo \"error: The sandbox is not in sync with the Podfile.lock. Run 'pod install' or update your CocoaPods installation.\" >&2\n    exit 1\nfi\n# This output is used by Xcode 'outputs' to avoid re-running this script phase.\necho \"SUCCESS\" > \"${SCRIPT_OUTPUT_FILE_0}\"\n";
			showEnvVarsInLog = 0;
		};
		8D39E51D1928252646AF5F41 /* [CP] Embed Pods Frameworks */ = {
			isa = PBXShellScriptBuildPhase;
			buildActionMask = 2147483647;
			files = (
			);
			inputPaths = (
				"${SRCROOT}/Pods/Target Support Files/Pods-Xcode - HaloAPI/Pods-Xcode - HaloAPI-frameworks.sh",
				"${BUILT_PRODUCTS_DIR}/Alamofire/Alamofire.framework",
				"${BUILT_PRODUCTS_DIR}/Charts/Charts.framework",
				"${BUILT_PRODUCTS_DIR}/SwiftyJSON/SwiftyJSON.framework",
			);
			name = "[CP] Embed Pods Frameworks";
			outputPaths = (
				"${TARGET_BUILD_DIR}/${FRAMEWORKS_FOLDER_PATH}/Alamofire.framework",
				"${TARGET_BUILD_DIR}/${FRAMEWORKS_FOLDER_PATH}/Charts.framework",
				"${TARGET_BUILD_DIR}/${FRAMEWORKS_FOLDER_PATH}/SwiftyJSON.framework",
			);
			runOnlyForDeploymentPostprocessing = 0;
			shellPath = /bin/sh;
			shellScript = "\"${SRCROOT}/Pods/Target Support Files/Pods-Xcode - HaloAPI/Pods-Xcode - HaloAPI-frameworks.sh\"\n";
			showEnvVarsInLog = 0;
		};
		94E8EDC46866A5DED571EB1B /* [CP] Check Pods Manifest.lock */ = {
			isa = PBXShellScriptBuildPhase;
			buildActionMask = 2147483647;
			files = (
			);
			inputPaths = (
				"${PODS_PODFILE_DIR_PATH}/Podfile.lock",
				"${PODS_ROOT}/Manifest.lock",
			);
			name = "[CP] Check Pods Manifest.lock";
			outputPaths = (
				"$(DERIVED_FILE_DIR)/Pods-Xcode - HaloAPIUITests-checkManifestLockResult.txt",
			);
			runOnlyForDeploymentPostprocessing = 0;
			shellPath = /bin/sh;
			shellScript = "diff \"${PODS_PODFILE_DIR_PATH}/Podfile.lock\" \"${PODS_ROOT}/Manifest.lock\" > /dev/null\nif [ $? != 0 ] ; then\n    # print error to STDERR\n    echo \"error: The sandbox is not in sync with the Podfile.lock. Run 'pod install' or update your CocoaPods installation.\" >&2\n    exit 1\nfi\n# This output is used by Xcode 'outputs' to avoid re-running this script phase.\necho \"SUCCESS\" > \"${SCRIPT_OUTPUT_FILE_0}\"\n";
			showEnvVarsInLog = 0;
		};
/* End PBXShellScriptBuildPhase section */

/* Begin PBXSourcesBuildPhase section */
		F7072A65235622DA0074F827 /* Sources */ = {
			isa = PBXSourcesBuildPhase;
			buildActionMask = 2147483647;
			files = (
				F73EAFC1237B5521007238F2 /* NetworkLayer.swift in Sources */,
				F7072A6F235622DA0074F827 /* HomeViewController.swift in Sources */,
				F7072A6D235622DA0074F827 /* AppDelegate.swift in Sources */,
			);
			runOnlyForDeploymentPostprocessing = 0;
		};
		F7072A79235622DB0074F827 /* Sources */ = {
			isa = PBXSourcesBuildPhase;
			buildActionMask = 2147483647;
			files = (
				F7072A82235622DB0074F827 /* Xcode___HaloAPITests.swift in Sources */,
			);
			runOnlyForDeploymentPostprocessing = 0;
		};
		F7072A84235622DB0074F827 /* Sources */ = {
			isa = PBXSourcesBuildPhase;
			buildActionMask = 2147483647;
			files = (
				F7072A8D235622DB0074F827 /* Xcode___HaloAPIUITests.swift in Sources */,
			);
			runOnlyForDeploymentPostprocessing = 0;
		};
/* End PBXSourcesBuildPhase section */

/* Begin PBXTargetDependency section */
		F7072A7F235622DB0074F827 /* PBXTargetDependency */ = {
			isa = PBXTargetDependency;
			target = F7072A68235622DA0074F827 /* Xcode - HaloAPI */;
			targetProxy = F7072A7E235622DB0074F827 /* PBXContainerItemProxy */;
		};
		F7072A8A235622DB0074F827 /* PBXTargetDependency */ = {
			isa = PBXTargetDependency;
			target = F7072A68235622DA0074F827 /* Xcode - HaloAPI */;
			targetProxy = F7072A89235622DB0074F827 /* PBXContainerItemProxy */;
		};
/* End PBXTargetDependency section */

/* Begin PBXVariantGroup section */
		F7072A70235622DA0074F827 /* Main.storyboard */ = {
			isa = PBXVariantGroup;
			children = (
				F7072A71235622DA0074F827 /* Base */,
			);
			name = Main.storyboard;
			sourceTree = "<group>";
		};
		F7072A75235622DB0074F827 /* LaunchScreen.storyboard */ = {
			isa = PBXVariantGroup;
			children = (
				F7072A76235622DB0074F827 /* Base */,
			);
			name = LaunchScreen.storyboard;
			sourceTree = "<group>";
		};
/* End PBXVariantGroup section */

/* Begin XCBuildConfiguration section */
		F7072A8F235622DB0074F827 /* Debug */ = {
			isa = XCBuildConfiguration;
			buildSettings = {
				ALWAYS_SEARCH_USER_PATHS = NO;
				CLANG_ANALYZER_NONNULL = YES;
				CLANG_ANALYZER_NUMBER_OBJECT_CONVERSION = YES_AGGRESSIVE;
				CLANG_CXX_LANGUAGE_STANDARD = "gnu++14";
				CLANG_CXX_LIBRARY = "libc++";
				CLANG_ENABLE_MODULES = YES;
				CLANG_ENABLE_OBJC_ARC = YES;
				CLANG_ENABLE_OBJC_WEAK = YES;
				CLANG_WARN_BLOCK_CAPTURE_AUTORELEASING = YES;
				CLANG_WARN_BOOL_CONVERSION = YES;
				CLANG_WARN_COMMA = YES;
				CLANG_WARN_CONSTANT_CONVERSION = YES;
				CLANG_WARN_DEPRECATED_OBJC_IMPLEMENTATIONS = YES;
				CLANG_WARN_DIRECT_OBJC_ISA_USAGE = YES_ERROR;
				CLANG_WARN_DOCUMENTATION_COMMENTS = YES;
				CLANG_WARN_EMPTY_BODY = YES;
				CLANG_WARN_ENUM_CONVERSION = YES;
				CLANG_WARN_INFINITE_RECURSION = YES;
				CLANG_WARN_INT_CONVERSION = YES;
				CLANG_WARN_NON_LITERAL_NULL_CONVERSION = YES;
				CLANG_WARN_OBJC_IMPLICIT_RETAIN_SELF = YES;
				CLANG_WARN_OBJC_LITERAL_CONVERSION = YES;
				CLANG_WARN_OBJC_ROOT_CLASS = YES_ERROR;
				CLANG_WARN_RANGE_LOOP_ANALYSIS = YES;
				CLANG_WARN_STRICT_PROTOTYPES = YES;
				CLANG_WARN_SUSPICIOUS_MOVE = YES;
				CLANG_WARN_UNGUARDED_AVAILABILITY = YES_AGGRESSIVE;
				CLANG_WARN_UNREACHABLE_CODE = YES;
				CLANG_WARN__DUPLICATE_METHOD_MATCH = YES;
				CODE_SIGN_IDENTITY = "iPhone Developer";
				COPY_PHASE_STRIP = NO;
				DEBUG_INFORMATION_FORMAT = dwarf;
				ENABLE_STRICT_OBJC_MSGSEND = YES;
				ENABLE_TESTABILITY = YES;
				GCC_C_LANGUAGE_STANDARD = gnu11;
				GCC_DYNAMIC_NO_PIC = NO;
				GCC_NO_COMMON_BLOCKS = YES;
				GCC_OPTIMIZATION_LEVEL = 0;
				GCC_PREPROCESSOR_DEFINITIONS = (
					"DEBUG=1",
					"$(inherited)",
				);
				GCC_WARN_64_TO_32_BIT_CONVERSION = YES;
				GCC_WARN_ABOUT_RETURN_TYPE = YES_ERROR;
				GCC_WARN_UNDECLARED_SELECTOR = YES;
				GCC_WARN_UNINITIALIZED_AUTOS = YES_AGGRESSIVE;
				GCC_WARN_UNUSED_FUNCTION = YES;
				GCC_WARN_UNUSED_VARIABLE = YES;
				IPHONEOS_DEPLOYMENT_TARGET = 12.2;
				MTL_ENABLE_DEBUG_INFO = INCLUDE_SOURCE;
				MTL_FAST_MATH = YES;
				ONLY_ACTIVE_ARCH = YES;
				SDKROOT = iphoneos;
				SWIFT_ACTIVE_COMPILATION_CONDITIONS = DEBUG;
				SWIFT_OPTIMIZATION_LEVEL = "-Onone";
			};
			name = Debug;
		};
		F7072A90235622DB0074F827 /* Release */ = {
			isa = XCBuildConfiguration;
			buildSettings = {
				ALWAYS_SEARCH_USER_PATHS = NO;
				CLANG_ANALYZER_NONNULL = YES;
				CLANG_ANALYZER_NUMBER_OBJECT_CONVERSION = YES_AGGRESSIVE;
				CLANG_CXX_LANGUAGE_STANDARD = "gnu++14";
				CLANG_CXX_LIBRARY = "libc++";
				CLANG_ENABLE_MODULES = YES;
				CLANG_ENABLE_OBJC_ARC = YES;
				CLANG_ENABLE_OBJC_WEAK = YES;
				CLANG_WARN_BLOCK_CAPTURE_AUTORELEASING = YES;
				CLANG_WARN_BOOL_CONVERSION = YES;
				CLANG_WARN_COMMA = YES;
				CLANG_WARN_CONSTANT_CONVERSION = YES;
				CLANG_WARN_DEPRECATED_OBJC_IMPLEMENTATIONS = YES;
				CLANG_WARN_DIRECT_OBJC_ISA_USAGE = YES_ERROR;
				CLANG_WARN_DOCUMENTATION_COMMENTS = YES;
				CLANG_WARN_EMPTY_BODY = YES;
				CLANG_WARN_ENUM_CONVERSION = YES;
				CLANG_WARN_INFINITE_RECURSION = YES;
				CLANG_WARN_INT_CONVERSION = YES;
				CLANG_WARN_NON_LITERAL_NULL_CONVERSION = YES;
				CLANG_WARN_OBJC_IMPLICIT_RETAIN_SELF = YES;
				CLANG_WARN_OBJC_LITERAL_CONVERSION = YES;
				CLANG_WARN_OBJC_ROOT_CLASS = YES_ERROR;
				CLANG_WARN_RANGE_LOOP_ANALYSIS = YES;
				CLANG_WARN_STRICT_PROTOTYPES = YES;
				CLANG_WARN_SUSPICIOUS_MOVE = YES;
				CLANG_WARN_UNGUARDED_AVAILABILITY = YES_AGGRESSIVE;
				CLANG_WARN_UNREACHABLE_CODE = YES;
				CLANG_WARN__DUPLICATE_METHOD_MATCH = YES;
				CODE_SIGN_IDENTITY = "iPhone Developer";
				COPY_PHASE_STRIP = NO;
				DEBUG_INFORMATION_FORMAT = "dwarf-with-dsym";
				ENABLE_NS_ASSERTIONS = NO;
				ENABLE_STRICT_OBJC_MSGSEND = YES;
				GCC_C_LANGUAGE_STANDARD = gnu11;
				GCC_NO_COMMON_BLOCKS = YES;
				GCC_WARN_64_TO_32_BIT_CONVERSION = YES;
				GCC_WARN_ABOUT_RETURN_TYPE = YES_ERROR;
				GCC_WARN_UNDECLARED_SELECTOR = YES;
				GCC_WARN_UNINITIALIZED_AUTOS = YES_AGGRESSIVE;
				GCC_WARN_UNUSED_FUNCTION = YES;
				GCC_WARN_UNUSED_VARIABLE = YES;
				IPHONEOS_DEPLOYMENT_TARGET = 12.2;
				MTL_ENABLE_DEBUG_INFO = NO;
				MTL_FAST_MATH = YES;
				SDKROOT = iphoneos;
				SWIFT_COMPILATION_MODE = wholemodule;
				SWIFT_OPTIMIZATION_LEVEL = "-O";
				VALIDATE_PRODUCT = YES;
			};
			name = Release;
		};
		F7072A92235622DB0074F827 /* Debug */ = {
			isa = XCBuildConfiguration;
			baseConfigurationReference = C88A951B4FAFB4501832FCEF /* Pods-Xcode - HaloAPI.debug.xcconfig */;
			buildSettings = {
				ASSETCATALOG_COMPILER_APPICON_NAME = AppIcon;
				CODE_SIGN_STYLE = Automatic;
				INFOPLIST_FILE = "Xcode - HaloAPI/Info.plist";
				LD_RUNPATH_SEARCH_PATHS = (
					"$(inherited)",
					"@executable_path/Frameworks",
				);
				PRODUCT_BUNDLE_IDENTIFIER = "com.daniel.quarrell.Xcode---HaloAPI";
				PRODUCT_NAME = "$(TARGET_NAME)";
				SWIFT_VERSION = 5.0;
				TARGETED_DEVICE_FAMILY = "1,2";
			};
			name = Debug;
		};
		F7072A93235622DB0074F827 /* Release */ = {
			isa = XCBuildConfiguration;
			baseConfigurationReference = B6757C74B494465219BD5BCB /* Pods-Xcode - HaloAPI.release.xcconfig */;
			buildSettings = {
				ASSETCATALOG_COMPILER_APPICON_NAME = AppIcon;
				CODE_SIGN_STYLE = Automatic;
				INFOPLIST_FILE = "Xcode - HaloAPI/Info.plist";
				LD_RUNPATH_SEARCH_PATHS = (
					"$(inherited)",
					"@executable_path/Frameworks",
				);
				PRODUCT_BUNDLE_IDENTIFIER = "com.daniel.quarrell.Xcode---HaloAPI";
				PRODUCT_NAME = "$(TARGET_NAME)";
				SWIFT_VERSION = 5.0;
				TARGETED_DEVICE_FAMILY = "1,2";
			};
			name = Release;
		};
		F7072A95235622DB0074F827 /* Debug */ = {
			isa = XCBuildConfiguration;
			baseConfigurationReference = 6E14FDE97045D3B98337293B /* Pods-Xcode - HaloAPITests.debug.xcconfig */;
			buildSettings = {
				ALWAYS_EMBED_SWIFT_STANDARD_LIBRARIES = YES;
				BUNDLE_LOADER = "$(TEST_HOST)";
				CODE_SIGN_STYLE = Automatic;
				INFOPLIST_FILE = "Xcode - HaloAPITests/Info.plist";
				LD_RUNPATH_SEARCH_PATHS = (
					"$(inherited)",
					"@executable_path/Frameworks",
					"@loader_path/Frameworks",
				);
				PRODUCT_BUNDLE_IDENTIFIER = "com.daniel.quarrell.Xcode---HaloAPITests";
				PRODUCT_NAME = "$(TARGET_NAME)";
				SWIFT_VERSION = 5.0;
				TARGETED_DEVICE_FAMILY = "1,2";
				TEST_HOST = "$(BUILT_PRODUCTS_DIR)/Xcode - HaloAPI.app/Xcode - HaloAPI";
			};
			name = Debug;
		};
		F7072A96235622DB0074F827 /* Release */ = {
			isa = XCBuildConfiguration;
			baseConfigurationReference = BA5C8522D3DA3B975B413754 /* Pods-Xcode - HaloAPITests.release.xcconfig */;
			buildSettings = {
				ALWAYS_EMBED_SWIFT_STANDARD_LIBRARIES = YES;
				BUNDLE_LOADER = "$(TEST_HOST)";
				CODE_SIGN_STYLE = Automatic;
				INFOPLIST_FILE = "Xcode - HaloAPITests/Info.plist";
				LD_RUNPATH_SEARCH_PATHS = (
					"$(inherited)",
					"@executable_path/Frameworks",
					"@loader_path/Frameworks",
				);
				PRODUCT_BUNDLE_IDENTIFIER = "com.daniel.quarrell.Xcode---HaloAPITests";
				PRODUCT_NAME = "$(TARGET_NAME)";
				SWIFT_VERSION = 5.0;
				TARGETED_DEVICE_FAMILY = "1,2";
				TEST_HOST = "$(BUILT_PRODUCTS_DIR)/Xcode - HaloAPI.app/Xcode - HaloAPI";
			};
			name = Release;
		};
		F7072A98235622DB0074F827 /* Debug */ = {
			isa = XCBuildConfiguration;
			baseConfigurationReference = 63EB685E87E28229C19831B6 /* Pods-Xcode - HaloAPIUITests.debug.xcconfig */;
			buildSettings = {
				ALWAYS_EMBED_SWIFT_STANDARD_LIBRARIES = YES;
				CODE_SIGN_STYLE = Automatic;
				INFOPLIST_FILE = "Xcode - HaloAPIUITests/Info.plist";
				LD_RUNPATH_SEARCH_PATHS = (
					"$(inherited)",
					"@executable_path/Frameworks",
					"@loader_path/Frameworks",
				);
				PRODUCT_BUNDLE_IDENTIFIER = "com.daniel.quarrell.Xcode---HaloAPIUITests";
				PRODUCT_NAME = "$(TARGET_NAME)";
				SWIFT_VERSION = 5.0;
				TARGETED_DEVICE_FAMILY = "1,2";
				TEST_TARGET_NAME = "Xcode - HaloAPI";
			};
			name = Debug;
		};
		F7072A99235622DB0074F827 /* Release */ = {
			isa = XCBuildConfiguration;
			baseConfigurationReference = 4886261A20DA07C8F161642A /* Pods-Xcode - HaloAPIUITests.release.xcconfig */;
			buildSettings = {
				ALWAYS_EMBED_SWIFT_STANDARD_LIBRARIES = YES;
				CODE_SIGN_STYLE = Automatic;
				INFOPLIST_FILE = "Xcode - HaloAPIUITests/Info.plist";
				LD_RUNPATH_SEARCH_PATHS = (
					"$(inherited)",
					"@executable_path/Frameworks",
					"@loader_path/Frameworks",
				);
				PRODUCT_BUNDLE_IDENTIFIER = "com.daniel.quarrell.Xcode---HaloAPIUITests";
				PRODUCT_NAME = "$(TARGET_NAME)";
				SWIFT_VERSION = 5.0;
				TARGETED_DEVICE_FAMILY = "1,2";
				TEST_TARGET_NAME = "Xcode - HaloAPI";
			};
			name = Release;
		};
/* End XCBuildConfiguration section */

/* Begin XCConfigurationList section */
		F7072A64235622DA0074F827 /* Build configuration list for PBXProject "Xcode - HaloAPI" */ = {
			isa = XCConfigurationList;
			buildConfigurations = (
				F7072A8F235622DB0074F827 /* Debug */,
				F7072A90235622DB0074F827 /* Release */,
			);
			defaultConfigurationIsVisible = 0;
			defaultConfigurationName = Debug;
		};
		F7072A91235622DB0074F827 /* Build configuration list for PBXNativeTarget "Xcode - HaloAPI" */ = {
			isa = XCConfigurationList;
			buildConfigurations = (
				F7072A92235622DB0074F827 /* Debug */,
				F7072A93235622DB0074F827 /* Release */,
			);
			defaultConfigurationIsVisible = 0;
			defaultConfigurationName = Debug;
		};
		F7072A94235622DB0074F827 /* Build configuration list for PBXNativeTarget "Xcode - HaloAPITests" */ = {
			isa = XCConfigurationList;
			buildConfigurations = (
				F7072A95235622DB0074F827 /* Debug */,
				F7072A96235622DB0074F827 /* Release */,
			);
			defaultConfigurationIsVisible = 0;
			defaultConfigurationName = Debug;
		};
		F7072A97235622DB0074F827 /* Build configuration list for PBXNativeTarget "Xcode - HaloAPIUITests" */ = {
			isa = XCConfigurationList;
			buildConfigurations = (
				F7072A98235622DB0074F827 /* Debug */,
				F7072A99235622DB0074F827 /* Release */,
			);
			defaultConfigurationIsVisible = 0;
			defaultConfigurationName = Debug;
		};
/* End XCConfigurationList section */
	};
	rootObject = F7072A61235622DA0074F827 /* Project object */;
}
